
Microsoft Visual Studio Solution File, Format Version 12.00
# Visual Studio 2012
Project("{FAE04EC0-301F-11D3-BF4B-00C04F79EFBC}") = "MBFoods", "MBFoods\MBFoods.csproj", "{24FA76FA-9423-44D8-8C2E-8506341D404B}"
EndProject
Project("{FAE04EC0-301F-11D3-BF4B-00C04F79EFBC}") = "MBFoods.Tests", "MBFoods.Tests\MBFoods.Tests.csproj", "{6B2B2066-37BF-48A5-A19D-89241F06A6F3}"
EndProject
Global
	GlobalSection(SolutionConfigurationPlatforms) = preSolution
		Debug|Any CPU = Debug|Any CPU
		Release|Any CPU = Release|Any CPU
	EndGlobalSection
	GlobalSection(ProjectConfigurationPlatforms) = postSolution
		{24FA76FA-9423-44D8-8C2E-8506341D404B}.Debug|Any CPU.ActiveCfg = Debug|Any CPU
		{24FA76FA-9423-44D8-8C2E-8506341D404B}.Debug|Any CPU.Build.0 = Debug|Any CPU
		{24FA76FA-9423-44D8-8C2E-8506341D404B}.Release|Any CPU.ActiveCfg = Release|Any CPU
		{24FA76FA-9423-44D8-8C2E-8506341D404B}.Release|Any CPU.Build.0 = Release|Any CPU
		{6B2B2066-37BF-48A5-A19D-89241F06A6F3}.Debug|Any CPU.ActiveCfg = Debug|Any CPU
		{6B2B2066-37BF-48A5-A19D-89241F06A6F3}.Debug|Any CPU.Build.0 = Debug|Any CPU
		{6B2B2066-37BF-48A5-A19D-89241F06A6F3}.Release|Any CPU.ActiveCfg = Release|Any CPU
		{6B2B2066-37BF-48A5-A19D-89241F06A6F3}.Release|Any CPU.Build.0 = Release|Any CPU
	EndGlobalSection
	GlobalSection(SolutionProperties) = preSolution
		HideSolutionNode = FALSE
	EndGlobalSection
EndGlobal
